
Microsoft Visual Studio Solution File, Format Version 12.00
Project("{FAE04EC0-301F-11D3-BF4B-00C04F79EFBC}") = "StoreApp.Web", "StoreApp.Web\StoreApp.Web.csproj", "{F165B9F9-427D-4A1B-9137-394BA6CDA3C2}"
EndProject
Project("{FAE04EC0-301F-11D3-BF4B-00C04F79EFBC}") = "StoreApp.Data", "StoreApp.Data\StoreApp.Data.csproj", "{2C90667B-59A3-4504-A569-60256509B9BD}"
EndProject
Global
	GlobalSection(SolutionConfigurationPlatforms) = preSolution
		Debug|Any CPU = Debug|Any CPU
		Release|Any CPU = Release|Any CPU
	EndGlobalSection
	GlobalSection(ProjectConfigurationPlatforms) = postSolution
		{F165B9F9-427D-4A1B-9137-394BA6CDA3C2}.Debug|Any CPU.ActiveCfg = Debug|Any CPU
		{F165B9F9-427D-4A1B-9137-394BA6CDA3C2}.Debug|Any CPU.Build.0 = Debug|Any CPU
		{F165B9F9-427D-4A1B-9137-394BA6CDA3C2}.Release|Any CPU.ActiveCfg = Release|Any CPU
		{F165B9F9-427D-4A1B-9137-394BA6CDA3C2}.Release|Any CPU.Build.0 = Release|Any CPU
		{2C90667B-59A3-4504-A569-60256509B9BD}.Debug|Any CPU.ActiveCfg = Debug|Any CPU
		{2C90667B-59A3-4504-A569-60256509B9BD}.Debug|Any CPU.Build.0 = Debug|Any CPU
		{2C90667B-59A3-4504-A569-60256509B9BD}.Release|Any CPU.ActiveCfg = Release|Any CPU
		{2C90667B-59A3-4504-A569-60256509B9BD}.Release|Any CPU.Build.0 = Release|Any CPU
	EndGlobalSection
EndGlobal
