
Microsoft Visual Studio Solution File, Format Version 12.00
# Visual Studio Version 17
VisualStudioVersion = 17.10.35013.160
MinimumVisualStudioVersion = 10.0.40219.1
Project("{9A19103F-16F7-4668-BE54-9A1E7A4F7556}") = "RabbitMQ.Producer", "RabbitMQ.Producer\RabbitMQ.Producer.csproj", "{B19509D9-88FB-4A37-86B3-80D82A0EA220}"
EndProject
Project("{9A19103F-16F7-4668-BE54-9A1E7A4F7556}") = "RabbitMQ.Consumer", "RabbitMQ.Consumer\RabbitMQ.Consumer.csproj", "{AEFE6177-174B-4B79-8447-3B70FD5EE74C}"
EndProject
Project("{9A19103F-16F7-4668-BE54-9A1E7A4F7556}") = "ArgExample", "ArgExample\ArgExample.csproj", "{7E13A718-4B7E-4C07-A2F4-731DEC6E553E}"
EndProject
Project("{FAE04EC0-301F-11D3-BF4B-00C04F79EFBC}") = "NewTask", "NewTask\NewTask.csproj", "{14FD4FD8-2014-466B-8402-6E7523DF6B1B}"
EndProject
Project("{FAE04EC0-301F-11D3-BF4B-00C04F79EFBC}") = "Worker", "Worker\Worker.csproj", "{4092175C-8945-480E-B0BE-C07D2A1D40CB}"
EndProject
Global
	GlobalSection(SolutionConfigurationPlatforms) = preSolution
		Debug|Any CPU = Debug|Any CPU
		Release|Any CPU = Release|Any CPU
	EndGlobalSection
	GlobalSection(ProjectConfigurationPlatforms) = postSolution
		{B19509D9-88FB-4A37-86B3-80D82A0EA220}.Debug|Any CPU.ActiveCfg = Debug|Any CPU
		{B19509D9-88FB-4A37-86B3-80D82A0EA220}.Debug|Any CPU.Build.0 = Debug|Any CPU
		{B19509D9-88FB-4A37-86B3-80D82A0EA220}.Release|Any CPU.ActiveCfg = Release|Any CPU
		{B19509D9-88FB-4A37-86B3-80D82A0EA220}.Release|Any CPU.Build.0 = Release|Any CPU
		{AEFE6177-174B-4B79-8447-3B70FD5EE74C}.Debug|Any CPU.ActiveCfg = Debug|Any CPU
		{AEFE6177-174B-4B79-8447-3B70FD5EE74C}.Debug|Any CPU.Build.0 = Debug|Any CPU
		{AEFE6177-174B-4B79-8447-3B70FD5EE74C}.Release|Any CPU.ActiveCfg = Release|Any CPU
		{AEFE6177-174B-4B79-8447-3B70FD5EE74C}.Release|Any CPU.Build.0 = Release|Any CPU
		{7E13A718-4B7E-4C07-A2F4-731DEC6E553E}.Debug|Any CPU.ActiveCfg = Debug|Any CPU
		{7E13A718-4B7E-4C07-A2F4-731DEC6E553E}.Debug|Any CPU.Build.0 = Debug|Any CPU
		{7E13A718-4B7E-4C07-A2F4-731DEC6E553E}.Release|Any CPU.ActiveCfg = Release|Any CPU
		{7E13A718-4B7E-4C07-A2F4-731DEC6E553E}.Release|Any CPU.Build.0 = Release|Any CPU
		{14FD4FD8-2014-466B-8402-6E7523DF6B1B}.Debug|Any CPU.ActiveCfg = Debug|Any CPU
		{14FD4FD8-2014-466B-8402-6E7523DF6B1B}.Debug|Any CPU.Build.0 = Debug|Any CPU
		{14FD4FD8-2014-466B-8402-6E7523DF6B1B}.Release|Any CPU.ActiveCfg = Release|Any CPU
		{14FD4FD8-2014-466B-8402-6E7523DF6B1B}.Release|Any CPU.Build.0 = Release|Any CPU
		{4092175C-8945-480E-B0BE-C07D2A1D40CB}.Debug|Any CPU.ActiveCfg = Debug|Any CPU
		{4092175C-8945-480E-B0BE-C07D2A1D40CB}.Debug|Any CPU.Build.0 = Debug|Any CPU
		{4092175C-8945-480E-B0BE-C07D2A1D40CB}.Release|Any CPU.ActiveCfg = Release|Any CPU
		{4092175C-8945-480E-B0BE-C07D2A1D40CB}.Release|Any CPU.Build.0 = Release|Any CPU
	EndGlobalSection
	GlobalSection(SolutionProperties) = preSolution
		HideSolutionNode = FALSE
	EndGlobalSection
	GlobalSection(ExtensibilityGlobals) = postSolution
		SolutionGuid = {7B16BD71-9787-4267-8D96-35449A6F66D3}
	EndGlobalSection
EndGlobal
