
Microsoft Visual Studio Solution File, Format Version 12.00
Project("{FAE04EC0-301F-11D3-BF4B-00C04F79EFBC}") = "BlogApp.Web", "BlogApp.Web\BlogApp.Web.csproj", "{956C6B8B-C6D0-499F-8656-5EC30E412A7B}"
EndProject
Global
	GlobalSection(SolutionConfigurationPlatforms) = preSolution
		Debug|Any CPU = Debug|Any CPU
		Release|Any CPU = Release|Any CPU
	EndGlobalSection
	GlobalSection(ProjectConfigurationPlatforms) = postSolution
		{956C6B8B-C6D0-499F-8656-5EC30E412A7B}.Debug|Any CPU.ActiveCfg = Debug|Any CPU
		{956C6B8B-C6D0-499F-8656-5EC30E412A7B}.Debug|Any CPU.Build.0 = Debug|Any CPU
		{956C6B8B-C6D0-499F-8656-5EC30E412A7B}.Release|Any CPU.ActiveCfg = Release|Any CPU
		{956C6B8B-C6D0-499F-8656-5EC30E412A7B}.Release|Any CPU.Build.0 = Release|Any CPU
	EndGlobalSection
EndGlobal
