
Microsoft Visual Studio Solution File, Format Version 12.00
# Visual Studio Version 17
VisualStudioVersion = 17.5.002.0
MinimumVisualStudioVersion = 10.0.40219.1
Project("{9A19103F-16F7-4668-BE54-9A1E7A4F7556}") = "Basics", "Basics.csproj", "{20FA131F-2B42-4750-9908-46DFF112E948}"
EndProject
Global
	GlobalSection(SolutionConfigurationPlatforms) = preSolution
		Debug|Any CPU = Debug|Any CPU
		Release|Any CPU = Release|Any CPU
	EndGlobalSection
	GlobalSection(ProjectConfigurationPlatforms) = postSolution
		{20FA131F-2B42-4750-9908-46DFF112E948}.Debug|Any CPU.ActiveCfg = Debug|Any CPU
		{20FA131F-2B42-4750-9908-46DFF112E948}.Debug|Any CPU.Build.0 = Debug|Any CPU
		{20FA131F-2B42-4750-9908-46DFF112E948}.Release|Any CPU.ActiveCfg = Release|Any CPU
		{20FA131F-2B42-4750-9908-46DFF112E948}.Release|Any CPU.Build.0 = Release|Any CPU
	EndGlobalSection
	GlobalSection(SolutionProperties) = preSolution
		HideSolutionNode = FALSE
	EndGlobalSection
	GlobalSection(ExtensibilityGlobals) = postSolution
		SolutionGuid = {E4D59E41-5900-4F27-80AD-0E2FEE1A609D}
	EndGlobalSection
EndGlobal
