
Microsoft Visual Studio Solution File, Format Version 12.00
# Visual Studio Version 17
VisualStudioVersion = 17.10.35013.160
MinimumVisualStudioVersion = 10.0.40219.1
Project("{FAE04EC0-301F-11D3-BF4B-00C04F79EFBC}") = "WebAPI", "WebAPI\WebAPI.csproj", "{A7BDF462-6701-43CF-9109-CA20388EF5C8}"
EndProject
Global
	GlobalSection(SolutionConfigurationPlatforms) = preSolution
		Debug|Any CPU = Debug|Any CPU
		Release|Any CPU = Release|Any CPU
	EndGlobalSection
	GlobalSection(ProjectConfigurationPlatforms) = postSolution
		{A7BDF462-6701-43CF-9109-CA20388EF5C8}.Debug|Any CPU.ActiveCfg = Debug|Any CPU
		{A7BDF462-6701-43CF-9109-CA20388EF5C8}.Debug|Any CPU.Build.0 = Debug|Any CPU
		{A7BDF462-6701-43CF-9109-CA20388EF5C8}.Release|Any CPU.ActiveCfg = Release|Any CPU
		{A7BDF462-6701-43CF-9109-CA20388EF5C8}.Release|Any CPU.Build.0 = Release|Any CPU
	EndGlobalSection
	GlobalSection(SolutionProperties) = preSolution
		HideSolutionNode = FALSE
	EndGlobalSection
	GlobalSection(ExtensibilityGlobals) = postSolution
		SolutionGuid = {D89C6A99-8127-446B-AD3D-719C2697AF64}
	EndGlobalSection
EndGlobal
